
Microsoft Visual Studio Solution File, Format Version 11.00
# Visual Studio 2010
Project("{FAE04EC0-301F-11D3-BF4B-00C04F79EFBC}") = "GestiuneBusiness", "GestiuneBusiness\GestiuneBusiness.csproj", "{85947851-A8FF-4718-A1DD-ED11D56E12DE}"
EndProject
Project("{2150E333-8FDC-42A3-9474-1A3956D46DE8}") = "Solution Items", "Solution Items", "{5D35DB62-C2CF-414B-9376-16601B2A431C}"
	ProjectSection(SolutionItems) = preProject
		Gestiune.vsmdi = Gestiune.vsmdi
		Local.testsettings = Local.testsettings
		TraceAndTestImpact.testsettings = TraceAndTestImpact.testsettings
	EndProjectSection
EndProject
Project("{FAE04EC0-301F-11D3-BF4B-00C04F79EFBC}") = "GestiuneApplication", "GestiuneApplication\GestiuneApplication.csproj", "{6EBF27C9-4698-4A43-8573-58178EB5B6DC}"
EndProject
Project("{FAE04EC0-301F-11D3-BF4B-00C04F79EFBC}") = "WpfLibrary", "WpfLibrary\WpfLibrary.csproj", "{D9E846EF-506F-42D3-B2E7-1F775A6787CF}"
EndProject
Global
	GlobalSection(TestCaseManagementSettings) = postSolution
		CategoryFile = Gestiune.vsmdi
	EndGlobalSection
	GlobalSection(SolutionConfigurationPlatforms) = preSolution
		Debug|Any CPU = Debug|Any CPU
		Debug|Mixed Platforms = Debug|Mixed Platforms
		Debug|x86 = Debug|x86
		Release|Any CPU = Release|Any CPU
		Release|Mixed Platforms = Release|Mixed Platforms
		Release|x86 = Release|x86
	EndGlobalSection
	GlobalSection(ProjectConfigurationPlatforms) = postSolution
		{85947851-A8FF-4718-A1DD-ED11D56E12DE}.Debug|Any CPU.ActiveCfg = Debug|Any CPU
		{85947851-A8FF-4718-A1DD-ED11D56E12DE}.Debug|Any CPU.Build.0 = Debug|Any CPU
		{85947851-A8FF-4718-A1DD-ED11D56E12DE}.Debug|Mixed Platforms.ActiveCfg = Debug|Any CPU
		{85947851-A8FF-4718-A1DD-ED11D56E12DE}.Debug|Mixed Platforms.Build.0 = Debug|Any CPU
		{85947851-A8FF-4718-A1DD-ED11D56E12DE}.Debug|x86.ActiveCfg = Debug|Any CPU
		{85947851-A8FF-4718-A1DD-ED11D56E12DE}.Debug|x86.Build.0 = Debug|Any CPU
		{85947851-A8FF-4718-A1DD-ED11D56E12DE}.Release|Any CPU.ActiveCfg = Release|Any CPU
		{85947851-A8FF-4718-A1DD-ED11D56E12DE}.Release|Any CPU.Build.0 = Release|Any CPU
		{85947851-A8FF-4718-A1DD-ED11D56E12DE}.Release|Mixed Platforms.ActiveCfg = Release|Any CPU
		{85947851-A8FF-4718-A1DD-ED11D56E12DE}.Release|Mixed Platforms.Build.0 = Release|Any CPU
		{85947851-A8FF-4718-A1DD-ED11D56E12DE}.Release|x86.ActiveCfg = Release|Any CPU
		{6EBF27C9-4698-4A43-8573-58178EB5B6DC}.Debug|Any CPU.ActiveCfg = Debug|x86
		{6EBF27C9-4698-4A43-8573-58178EB5B6DC}.Debug|Mixed Platforms.ActiveCfg = Debug|x86
		{6EBF27C9-4698-4A43-8573-58178EB5B6DC}.Debug|Mixed Platforms.Build.0 = Debug|x86
		{6EBF27C9-4698-4A43-8573-58178EB5B6DC}.Debug|x86.ActiveCfg = Debug|x86
		{6EBF27C9-4698-4A43-8573-58178EB5B6DC}.Debug|x86.Build.0 = Debug|x86
		{6EBF27C9-4698-4A43-8573-58178EB5B6DC}.Release|Any CPU.ActiveCfg = Release|x86
		{6EBF27C9-4698-4A43-8573-58178EB5B6DC}.Release|Mixed Platforms.ActiveCfg = Release|x86
		{6EBF27C9-4698-4A43-8573-58178EB5B6DC}.Release|Mixed Platforms.Build.0 = Release|x86
		{6EBF27C9-4698-4A43-8573-58178EB5B6DC}.Release|x86.ActiveCfg = Release|x86
		{6EBF27C9-4698-4A43-8573-58178EB5B6DC}.Release|x86.Build.0 = Release|x86
		{D9E846EF-506F-42D3-B2E7-1F775A6787CF}.Debug|Any CPU.ActiveCfg = Debug|x86
		{D9E846EF-506F-42D3-B2E7-1F775A6787CF}.Debug|Mixed Platforms.ActiveCfg = Debug|x86
		{D9E846EF-506F-42D3-B2E7-1F775A6787CF}.Debug|Mixed Platforms.Build.0 = Debug|x86
		{D9E846EF-506F-42D3-B2E7-1F775A6787CF}.Debug|x86.ActiveCfg = Debug|x86
		{D9E846EF-506F-42D3-B2E7-1F775A6787CF}.Debug|x86.Build.0 = Debug|x86
		{D9E846EF-506F-42D3-B2E7-1F775A6787CF}.Release|Any CPU.ActiveCfg = Release|x86
		{D9E846EF-506F-42D3-B2E7-1F775A6787CF}.Release|Mixed Platforms.ActiveCfg = Release|x86
		{D9E846EF-506F-42D3-B2E7-1F775A6787CF}.Release|Mixed Platforms.Build.0 = Release|x86
		{D9E846EF-506F-42D3-B2E7-1F775A6787CF}.Release|x86.ActiveCfg = Release|x86
		{D9E846EF-506F-42D3-B2E7-1F775A6787CF}.Release|x86.Build.0 = Release|x86
	EndGlobalSection
	GlobalSection(SolutionProperties) = preSolution
		HideSolutionNode = FALSE
	EndGlobalSection
EndGlobal
